
Microsoft Visual Studio Solution File, Format Version 12.00
# Visual Studio Version 17
VisualStudioVersion = 17.13.35931.197 d17.13
MinimumVisualStudioVersion = 10.0.40219.1
Project("{FAE04EC0-301F-11D3-BF4B-00C04F79EFBC}") = "RpgCampanhas", "RpgCampanhas.csproj", "{D5A7F440-E7A1-4968-8AAB-1663C8EC3F17}"
EndProject
Global
	GlobalSection(SolutionConfigurationPlatforms) = preSolution
		Debug|Any CPU = Debug|Any CPU
		Release|Any CPU = Release|Any CPU
	EndGlobalSection
	GlobalSection(ProjectConfigurationPlatforms) = postSolution
		{D5A7F440-E7A1-4968-8AAB-1663C8EC3F17}.Debug|Any CPU.ActiveCfg = Debug|Any CPU
		{D5A7F440-E7A1-4968-8AAB-1663C8EC3F17}.Debug|Any CPU.Build.0 = Debug|Any CPU
		{D5A7F440-E7A1-4968-8AAB-1663C8EC3F17}.Release|Any CPU.ActiveCfg = Release|Any CPU
		{D5A7F440-E7A1-4968-8AAB-1663C8EC3F17}.Release|Any CPU.Build.0 = Release|Any CPU
	EndGlobalSection
	GlobalSection(SolutionProperties) = preSolution
		HideSolutionNode = FALSE
	EndGlobalSection
	GlobalSection(ExtensibilityGlobals) = postSolution
		SolutionGuid = {169A1852-9D38-48D4-AD2C-1B71012FA4CE}
	EndGlobalSection
EndGlobal
